
Microsoft Visual Studio Solution File, Format Version 12.00
# Visual Studio Version 17
VisualStudioVersion = 17.14.36109.1 d17.14
MinimumVisualStudioVersion = 10.0.40219.1
Project("{FAE04EC0-301F-11D3-BF4B-00C04F79EFBC}") = "SamSmartphoneParser", "SamSmartphoneParser\SamSmartphoneParser.csproj", "{192C7321-6A71-487C-A45D-88BA6B6A6955}"
EndProject
Global
	GlobalSection(SolutionConfigurationPlatforms) = preSolution
		Debug|Any CPU = Debug|Any CPU
		Release|Any CPU = Release|Any CPU
	EndGlobalSection
	GlobalSection(ProjectConfigurationPlatforms) = postSolution
		{192C7321-6A71-487C-A45D-88BA6B6A6955}.Debug|Any CPU.ActiveCfg = Debug|Any CPU
		{192C7321-6A71-487C-A45D-88BA6B6A6955}.Debug|Any CPU.Build.0 = Debug|Any CPU
		{192C7321-6A71-487C-A45D-88BA6B6A6955}.Release|Any CPU.ActiveCfg = Release|Any CPU
		{192C7321-6A71-487C-A45D-88BA6B6A6955}.Release|Any CPU.Build.0 = Release|Any CPU
	EndGlobalSection
	GlobalSection(SolutionProperties) = preSolution
		HideSolutionNode = FALSE
	EndGlobalSection
	GlobalSection(ExtensibilityGlobals) = postSolution
		SolutionGuid = {2CAF2F50-CCD6-4E16-A997-23329B42CA0F}
	EndGlobalSection
EndGlobal
